// !$*UTF8*$!
{
	archiveVersion = 1;
	classes = {
	};
	objectVersion = 50;
	objects = {

/* Begin PBXBuildFile section */
		0C1CB48C606A5C5E1658E836 /* Pods_embedded.framework in Frameworks */ = {isa = PBXBuildFile; fileRef = 15E7F2E38C5F4914501D503E /* Pods_embedded.framework */; };
		9C75DA6F2394642B00508EF9 /* AppDelegate.swift in Sources */ = {isa = PBXBuildFile; fileRef = 9C75DA6E2394642B00508EF9 /* AppDelegate.swift */; };
		9C75DA712394642B00508EF9 /* SceneDelegate.swift in Sources */ = {isa = PBXBuildFile; fileRef = 9C75DA702394642B00508EF9 /* SceneDelegate.swift */; };
		9C75DA762394642B00508EF9 /* Main.storyboard in Resources */ = {isa = PBXBuildFile; fileRef = 9C75DA742394642B00508EF9 /* Main.storyboard */; };
		9C75DA782394642D00508EF9 /* Assets.xcassets in Resources */ = {isa = PBXBuildFile; fileRef = 9C75DA772394642D00508EF9 /* Assets.xcassets */; };
		9C75DA7B2394642D00508EF9 /* LaunchScreen.storyboard in Resources */ = {isa = PBXBuildFile; fileRef = 9C75DA792394642D00508EF9 /* LaunchScreen.storyboard */; };
		9C7A480B2395004C00EB0491 /* MoreTableViewController.swift in Sources */ = {isa = PBXBuildFile; fileRef = 9C7A480A2395004C00EB0491 /* MoreTableViewController.swift */; };
		9C7A480D2395005A00EB0491 /* FavoriteTableViewController.swift in Sources */ = {isa = PBXBuildFile; fileRef = 9C7A480C2395005A00EB0491 /* FavoriteTableViewController.swift */; };
		9C7A480F2395008800EB0491 /* DetailViewController.swift in Sources */ = {isa = PBXBuildFile; fileRef = 9C7A480E2395008800EB0491 /* DetailViewController.swift */; };
		9C7A481223950E1E00EB0491 /* CustomTableViewCell.swift in Sources */ = {isa = PBXBuildFile; fileRef = 9C7A481123950E1E00EB0491 /* CustomTableViewCell.swift */; };
		9C7A48142395215C00EB0491 /* ItemModel.swift in Sources */ = {isa = PBXBuildFile; fileRef = 9C7A48132395215C00EB0491 /* ItemModel.swift */; };
		9C7A4818239536B700EB0491 /* RequestFabric.swift in Sources */ = {isa = PBXBuildFile; fileRef = 9C7A4817239536B700EB0491 /* RequestFabric.swift */; };
		9C7A481A2395394F00EB0491 /* FetchData.swift in Sources */ = {isa = PBXBuildFile; fileRef = 9C7A48192395394F00EB0491 /* FetchData.swift */; };
		9C7E2E0623967418003E9E44 /* FavoriteModel.xcdatamodeld in Sources */ = {isa = PBXBuildFile; fileRef = 9C7E2E0423967418003E9E44 /* FavoriteModel.xcdatamodeld */; };
		9C7E2E0923967A4C003E9E44 /* DataWork.swift in Sources */ = {isa = PBXBuildFile; fileRef = 9C7E2E0823967A4C003E9E44 /* DataWork.swift */; };
/* End PBXBuildFile section */

/* Begin PBXFileReference section */
		13E8E2C5E43786FAF5FA92AF /* Pods-embedded.release.xcconfig */ = {isa = PBXFileReference; includeInIndex = 1; lastKnownFileType = text.xcconfig; name = "Pods-embedded.release.xcconfig"; path = "Target Support Files/Pods-embedded/Pods-embedded.release.xcconfig"; sourceTree = "<group>"; };
		15E7F2E38C5F4914501D503E /* Pods_embedded.framework */ = {isa = PBXFileReference; explicitFileType = wrapper.framework; includeInIndex = 0; path = Pods_embedded.framework; sourceTree = BUILT_PRODUCTS_DIR; };
		9C72C4EC6E523CF8B5ED16F6 /* Pods-embedded.debug.xcconfig */ = {isa = PBXFileReference; includeInIndex = 1; lastKnownFileType = text.xcconfig; name = "Pods-embedded.debug.xcconfig"; path = "Target Support Files/Pods-embedded/Pods-embedded.debug.xcconfig"; sourceTree = "<group>"; };
		9C75DA6B2394642B00508EF9 /* embedded.app */ = {isa = PBXFileReference; explicitFileType = wrapper.application; includeInIndex = 0; path = embedded.app; sourceTree = BUILT_PRODUCTS_DIR; };
		9C75DA6E2394642B00508EF9 /* AppDelegate.swift */ = {isa = PBXFileReference; lastKnownFileType = sourcecode.swift; path = AppDelegate.swift; sourceTree = "<group>"; };
		9C75DA702394642B00508EF9 /* SceneDelegate.swift */ = {isa = PBXFileReference; lastKnownFileType = sourcecode.swift; path = SceneDelegate.swift; sourceTree = "<group>"; };
		9C75DA752394642B00508EF9 /* Base */ = {isa = PBXFileReference; lastKnownFileType = file.storyboard; name = Base; path = Base.lproj/Main.storyboard; sourceTree = "<group>"; };
		9C75DA772394642D00508EF9 /* Assets.xcassets */ = {isa = PBXFileReference; lastKnownFileType = folder.assetcatalog; path = Assets.xcassets; sourceTree = "<group>"; };
		9C75DA7A2394642D00508EF9 /* Base */ = {isa = PBXFileReference; lastKnownFileType = file.storyboard; name = Base; path = Base.lproj/LaunchScreen.storyboard; sourceTree = "<group>"; };
		9C75DA7C2394642D00508EF9 /* Info.plist */ = {isa = PBXFileReference; lastKnownFileType = text.plist.xml; path = Info.plist; sourceTree = "<group>"; };
		9C7A480A2395004C00EB0491 /* MoreTableViewController.swift */ = {isa = PBXFileReference; lastKnownFileType = sourcecode.swift; path = MoreTableViewController.swift; sourceTree = "<group>"; };
		9C7A480C2395005A00EB0491 /* FavoriteTableViewController.swift */ = {isa = PBXFileReference; lastKnownFileType = sourcecode.swift; path = FavoriteTableViewController.swift; sourceTree = "<group>"; };
		9C7A480E2395008800EB0491 /* DetailViewController.swift */ = {isa = PBXFileReference; lastKnownFileType = sourcecode.swift; path = DetailViewController.swift; sourceTree = "<group>"; };
		9C7A481123950E1E00EB0491 /* CustomTableViewCell.swift */ = {isa = PBXFileReference; lastKnownFileType = sourcecode.swift; path = CustomTableViewCell.swift; sourceTree = "<group>"; };
		9C7A48132395215C00EB0491 /* ItemModel.swift */ = {isa = PBXFileReference; lastKnownFileType = sourcecode.swift; path = ItemModel.swift; sourceTree = "<group>"; };
		9C7A4817239536B700EB0491 /* RequestFabric.swift */ = {isa = PBXFileReference; lastKnownFileType = sourcecode.swift; path = RequestFabric.swift; sourceTree = "<group>"; };
		9C7A48192395394F00EB0491 /* FetchData.swift */ = {isa = PBXFileReference; lastKnownFileType = sourcecode.swift; path = FetchData.swift; sourceTree = "<group>"; };
		9C7E2E0523967418003E9E44 /* FavoriteModel.xcdatamodel */ = {isa = PBXFileReference; lastKnownFileType = wrapper.xcdatamodel; path = FavoriteModel.xcdatamodel; sourceTree = "<group>"; };
		9C7E2E0823967A4C003E9E44 /* DataWork.swift */ = {isa = PBXFileReference; lastKnownFileType = sourcecode.swift; path = DataWork.swift; sourceTree = "<group>"; };
/* End PBXFileReference section */

/* Begin PBXFrameworksBuildPhase section */
		9C75DA682394642B00508EF9 /* Frameworks */ = {
			isa = PBXFrameworksBuildPhase;
			buildActionMask = 2147483647;
			files = (
				0C1CB48C606A5C5E1658E836 /* Pods_embedded.framework in Frameworks */,
			);
			runOnlyForDeploymentPostprocessing = 0;
		};
/* End PBXFrameworksBuildPhase section */

/* Begin PBXGroup section */
		2CBB6A385D037ACFC83DD525 /* Pods */ = {
			isa = PBXGroup;
			children = (
				9C72C4EC6E523CF8B5ED16F6 /* Pods-embedded.debug.xcconfig */,
				13E8E2C5E43786FAF5FA92AF /* Pods-embedded.release.xcconfig */,
			);
			path = Pods;
			sourceTree = "<group>";
		};
		9C75DA622394642B00508EF9 = {
			isa = PBXGroup;
			children = (
				9C75DA6D2394642B00508EF9 /* embedded */,
				9C75DA6C2394642B00508EF9 /* Products */,
				2CBB6A385D037ACFC83DD525 /* Pods */,
				F1D59244AF025F77B3020314 /* Frameworks */,
			);
			sourceTree = "<group>";
		};
		9C75DA6C2394642B00508EF9 /* Products */ = {
			isa = PBXGroup;
			children = (
				9C75DA6B2394642B00508EF9 /* embedded.app */,
			);
			name = Products;
			sourceTree = "<group>";
		};
		9C75DA6D2394642B00508EF9 /* embedded */ = {
			isa = PBXGroup;
			children = (
				9C7E2E0723967A0F003E9E44 /* Data */,
				9C7A4816239521C600EB0491 /* Network */,
				9C7A48102395009800EB0491 /* View */,
				9C7A48092395003700EB0491 /* Controller */,
				9C7A48152395217800EB0491 /* Model */,
				9C75DA6E2394642B00508EF9 /* AppDelegate.swift */,
				9C7E2E0423967418003E9E44 /* FavoriteModel.xcdatamodeld */,
				9C75DA702394642B00508EF9 /* SceneDelegate.swift */,
				9C75DA742394642B00508EF9 /* Main.storyboard */,
				9C75DA772394642D00508EF9 /* Assets.xcassets */,
				9C75DA792394642D00508EF9 /* LaunchScreen.storyboard */,
				9C75DA7C2394642D00508EF9 /* Info.plist */,
			);
			path = embedded;
			sourceTree = "<group>";
		};
		9C7A48092395003700EB0491 /* Controller */ = {
			isa = PBXGroup;
			children = (
				9C7A480A2395004C00EB0491 /* MoreTableViewController.swift */,
				9C7A480C2395005A00EB0491 /* FavoriteTableViewController.swift */,
				9C7A480E2395008800EB0491 /* DetailViewController.swift */,
			);
			path = Controller;
			sourceTree = "<group>";
		};
		9C7A48102395009800EB0491 /* View */ = {
			isa = PBXGroup;
			children = (
				9C7A481123950E1E00EB0491 /* CustomTableViewCell.swift */,
			);
			path = View;
			sourceTree = "<group>";
		};
		9C7A48152395217800EB0491 /* Model */ = {
			isa = PBXGroup;
			children = (
				9C7A48132395215C00EB0491 /* ItemModel.swift */,
			);
			path = Model;
			sourceTree = "<group>";
		};
		9C7A4816239521C600EB0491 /* Network */ = {
			isa = PBXGroup;
			children = (
				9C7A4817239536B700EB0491 /* RequestFabric.swift */,
				9C7A48192395394F00EB0491 /* FetchData.swift */,
			);
			path = Network;
			sourceTree = "<group>";
		};
		9C7E2E0723967A0F003E9E44 /* Data */ = {
			isa = PBXGroup;
			children = (
				9C7E2E0823967A4C003E9E44 /* DataWork.swift */,
			);
			path = Data;
			sourceTree = "<group>";
		};
		F1D59244AF025F77B3020314 /* Frameworks */ = {
			isa = PBXGroup;
			children = (
				15E7F2E38C5F4914501D503E /* Pods_embedded.framework */,
			);
			name = Frameworks;
			sourceTree = "<group>";
		};
/* End PBXGroup section */

/* Begin PBXNativeTarget section */
		9C75DA6A2394642B00508EF9 /* embedded */ = {
			isa = PBXNativeTarget;
			buildConfigurationList = 9C75DA7F2394642D00508EF9 /* Build configuration list for PBXNativeTarget "embedded" */;
			buildPhases = (
				B5DBC16397F55AA7A54C16C3 /* [CP] Check Pods Manifest.lock */,
				9C75DA672394642B00508EF9 /* Sources */,
				9C75DA682394642B00508EF9 /* Frameworks */,
				9C75DA692394642B00508EF9 /* Resources */,
				804FDE67BBAC24A3E5C079FB /* [CP] Embed Pods Frameworks */,
			);
			buildRules = (
			);
			dependencies = (
			);
			name = embedded;
			productName = embedded;
			productReference = 9C75DA6B2394642B00508EF9 /* embedded.app */;
			productType = "com.apple.product-type.application";
		};
/* End PBXNativeTarget section */

/* Begin PBXProject section */
		9C75DA632394642B00508EF9 /* Project object */ = {
			isa = PBXProject;
			attributes = {
				LastSwiftUpdateCheck = 1120;
				LastUpgradeCheck = 1120;
				ORGANIZATIONNAME = "Pavel Ivanov";
				TargetAttributes = {
					9C75DA6A2394642B00508EF9 = {
						CreatedOnToolsVersion = 11.2.1;
					};
				};
			};
			buildConfigurationList = 9C75DA662394642B00508EF9 /* Build configuration list for PBXProject "embedded" */;
			compatibilityVersion = "Xcode 9.3";
			developmentRegion = en;
			hasScannedForEncodings = 0;
			knownRegions = (
				en,
				Base,
			);
			mainGroup = 9C75DA622394642B00508EF9;
			productRefGroup = 9C75DA6C2394642B00508EF9 /* Products */;
			projectDirPath = "";
			projectRoot = "";
			targets = (
				9C75DA6A2394642B00508EF9 /* embedded */,
			);
		};
/* End PBXProject section */

/* Begin PBXResourcesBuildPhase section */
		9C75DA692394642B00508EF9 /* Resources */ = {
			isa = PBXResourcesBuildPhase;
			buildActionMask = 2147483647;
			files = (
				9C75DA7B2394642D00508EF9 /* LaunchScreen.storyboard in Resources */,
				9C75DA782394642D00508EF9 /* Assets.xcassets in Resources */,
				9C75DA762394642B00508EF9 /* Main.storyboard in Resources */,
			);
			runOnlyForDeploymentPostprocessing = 0;
		};
/* End PBXResourcesBuildPhase section */

/* Begin PBXShellScriptBuildPhase section */
		804FDE67BBAC24A3E5C079FB /* [CP] Embed Pods Frameworks */ = {
			isa = PBXShellScriptBuildPhase;
			buildActionMask = 2147483647;
			files = (
			);
			inputFileListPaths = (
			);
			inputPaths = (
				"${PODS_ROOT}/Target Support Files/Pods-embedded/Pods-embedded-frameworks.sh",
				"${BUILT_PRODUCTS_DIR}/Alamofire/Alamofire.framework",
				"${BUILT_PRODUCTS_DIR}/AlamofireImage/AlamofireImage.framework",
			);
			name = "[CP] Embed Pods Frameworks";
			outputFileListPaths = (
			);
			outputPaths = (
				"${TARGET_BUILD_DIR}/${FRAMEWORKS_FOLDER_PATH}/Alamofire.framework",
				"${TARGET_BUILD_DIR}/${FRAMEWORKS_FOLDER_PATH}/AlamofireImage.framework",
			);
			runOnlyForDeploymentPostprocessing = 0;
			shellPath = /bin/sh;
			shellScript = "\"${PODS_ROOT}/Target Support Files/Pods-embedded/Pods-embedded-frameworks.sh\"\n";
			showEnvVarsInLog = 0;
		};
		B5DBC16397F55AA7A54C16C3 /* [CP] Check Pods Manifest.lock */ = {
			isa = PBXShellScriptBuildPhase;
			buildActionMask = 2147483647;
			files = (
			);
			inputFileListPaths = (
			);
			inputPaths = (
				"${PODS_PODFILE_DIR_PATH}/Podfile.lock",
				"${PODS_ROOT}/Manifest.lock",
			);
			name = "[CP] Check Pods Manifest.lock";
			outputFileListPaths = (
			);
			outputPaths = (
				"$(DERIVED_FILE_DIR)/Pods-embedded-checkManifestLockResult.txt",
			);
			runOnlyForDeploymentPostprocessing = 0;
			shellPath = /bin/sh;
			shellScript = "diff \"${PODS_PODFILE_DIR_PATH}/Podfile.lock\" \"${PODS_ROOT}/Manifest.lock\" > /dev/null\nif [ $? != 0 ] ; then\n    # print error to STDERR\n    echo \"error: The sandbox is not in sync with the Podfile.lock. Run 'pod install' or update your CocoaPods installation.\" >&2\n    exit 1\nfi\n# This output is used by Xcode 'outputs' to avoid re-running this script phase.\necho \"SUCCESS\" > \"${SCRIPT_OUTPUT_FILE_0}\"\n";
			showEnvVarsInLog = 0;
		};
/* End PBXShellScriptBuildPhase section */

/* Begin PBXSourcesBuildPhase section */
		9C75DA672394642B00508EF9 /* Sources */ = {
			isa = PBXSourcesBuildPhase;
			buildActionMask = 2147483647;
			files = (
				9C7A481223950E1E00EB0491 /* CustomTableViewCell.swift in Sources */,
				9C75DA6F2394642B00508EF9 /* AppDelegate.swift in Sources */,
				9C7A480D2395005A00EB0491 /* FavoriteTableViewController.swift in Sources */,
				9C7E2E0923967A4C003E9E44 /* DataWork.swift in Sources */,
				9C7E2E0623967418003E9E44 /* FavoriteModel.xcdatamodeld in Sources */,
				9C7A480F2395008800EB0491 /* DetailViewController.swift in Sources */,
				9C7A480B2395004C00EB0491 /* MoreTableViewController.swift in Sources */,
				9C7A48142395215C00EB0491 /* ItemModel.swift in Sources */,
				9C7A4818239536B700EB0491 /* RequestFabric.swift in Sources */,
				9C7A481A2395394F00EB0491 /* FetchData.swift in Sources */,
				9C75DA712394642B00508EF9 /* SceneDelegate.swift in Sources */,
			);
			runOnlyForDeploymentPostprocessing = 0;
		};
/* End PBXSourcesBuildPhase section */

/* Begin PBXVariantGroup section */
		9C75DA742394642B00508EF9 /* Main.storyboard */ = {
			isa = PBXVariantGroup;
			children = (
				9C75DA752394642B00508EF9 /* Base */,
			);
			name = Main.storyboard;
			sourceTree = "<group>";
		};
		9C75DA792394642D00508EF9 /* LaunchScreen.storyboard */ = {
			isa = PBXVariantGroup;
			children = (
				9C75DA7A2394642D00508EF9 /* Base */,
			);
			name = LaunchScreen.storyboard;
			sourceTree = "<group>";
		};
/* End PBXVariantGroup section */

/* Begin XCBuildConfiguration section */
		9C75DA7D2394642D00508EF9 /* Debug */ = {
			isa = XCBuildConfiguration;
			buildSettings = {
				ALWAYS_SEARCH_USER_PATHS = NO;
				CLANG_ANALYZER_NONNULL = YES;
				CLANG_ANALYZER_NUMBER_OBJECT_CONVERSION = YES_AGGRESSIVE;
				CLANG_CXX_LANGUAGE_STANDARD = "gnu++14";
				CLANG_CXX_LIBRARY = "libc++";
				CLANG_ENABLE_MODULES = YES;
				CLANG_ENABLE_OBJC_ARC = YES;
				CLANG_ENABLE_OBJC_WEAK = YES;
				CLANG_WARN_BLOCK_CAPTURE_AUTORELEASING = YES;
				CLANG_WARN_BOOL_CONVERSION = YES;
				CLANG_WARN_COMMA = YES;
				CLANG_WARN_CONSTANT_CONVERSION = YES;
				CLANG_WARN_DEPRECATED_OBJC_IMPLEMENTATIONS = YES;
				CLANG_WARN_DIRECT_OBJC_ISA_USAGE = YES_ERROR;
				CLANG_WARN_DOCUMENTATION_COMMENTS = YES;
				CLANG_WARN_EMPTY_BODY = YES;
				CLANG_WARN_ENUM_CONVERSION = YES;
				CLANG_WARN_INFINITE_RECURSION = YES;
				CLANG_WARN_INT_CONVERSION = YES;
				CLANG_WARN_NON_LITERAL_NULL_CONVERSION = YES;
				CLANG_WARN_OBJC_IMPLICIT_RETAIN_SELF = YES;
				CLANG_WARN_OBJC_LITERAL_CONVERSION = YES;
				CLANG_WARN_OBJC_ROOT_CLASS = YES_ERROR;
				CLANG_WARN_RANGE_LOOP_ANALYSIS = YES;
				CLANG_WARN_STRICT_PROTOTYPES = YES;
				CLANG_WARN_SUSPICIOUS_MOVE = YES;
				CLANG_WARN_UNGUARDED_AVAILABILITY = YES_AGGRESSIVE;
				CLANG_WARN_UNREACHABLE_CODE = YES;
				CLANG_WARN__DUPLICATE_METHOD_MATCH = YES;
				COPY_PHASE_STRIP = NO;
				DEBUG_INFORMATION_FORMAT = dwarf;
				ENABLE_STRICT_OBJC_MSGSEND = YES;
				ENABLE_TESTABILITY = YES;
				GCC_C_LANGUAGE_STANDARD = gnu11;
				GCC_DYNAMIC_NO_PIC = NO;
				GCC_NO_COMMON_BLOCKS = YES;
				GCC_OPTIMIZATION_LEVEL = 0;
				GCC_PREPROCESSOR_DEFINITIONS = (
					"DEBUG=1",
					"$(inherited)",
				);
				GCC_WARN_64_TO_32_BIT_CONVERSION = YES;
				GCC_WARN_ABOUT_RETURN_TYPE = YES_ERROR;
				GCC_WARN_UNDECLARED_SELECTOR = YES;
				GCC_WARN_UNINITIALIZED_AUTOS = YES_AGGRESSIVE;
				GCC_WARN_UNUSED_FUNCTION = YES;
				GCC_WARN_UNUSED_VARIABLE = YES;
				IPHONEOS_DEPLOYMENT_TARGET = 13.2;
				MTL_ENABLE_DEBUG_INFO = INCLUDE_SOURCE;
				MTL_FAST_MATH = YES;
				ONLY_ACTIVE_ARCH = YES;
				SDKROOT = iphoneos;
				SWIFT_ACTIVE_COMPILATION_CONDITIONS = DEBUG;
				SWIFT_OPTIMIZATION_LEVEL = "-Onone";
			};
			name = Debug;
		};
		9C75DA7E2394642D00508EF9 /* Release */ = {
			isa = XCBuildConfiguration;
			buildSettings = {
				ALWAYS_SEARCH_USER_PATHS = NO;
				CLANG_ANALYZER_NONNULL = YES;
				CLANG_ANALYZER_NUMBER_OBJECT_CONVERSION = YES_AGGRESSIVE;
				CLANG_CXX_LANGUAGE_STANDARD = "gnu++14";
				CLANG_CXX_LIBRARY = "libc++";
				CLANG_ENABLE_MODULES = YES;
				CLANG_ENABLE_OBJC_ARC = YES;
				CLANG_ENABLE_OBJC_WEAK = YES;
				CLANG_WARN_BLOCK_CAPTURE_AUTORELEASING = YES;
				CLANG_WARN_BOOL_CONVERSION = YES;
				CLANG_WARN_COMMA = YES;
				CLANG_WARN_CONSTANT_CONVERSION = YES;
				CLANG_WARN_DEPRECATED_OBJC_IMPLEMENTATIONS = YES;
				CLANG_WARN_DIRECT_OBJC_ISA_USAGE = YES_ERROR;
				CLANG_WARN_DOCUMENTATION_COMMENTS = YES;
				CLANG_WARN_EMPTY_BODY = YES;
				CLANG_WARN_ENUM_CONVERSION = YES;
				CLANG_WARN_INFINITE_RECURSION = YES;
				CLANG_WARN_INT_CONVERSION = YES;
				CLANG_WARN_NON_LITERAL_NULL_CONVERSION = YES;
				CLANG_WARN_OBJC_IMPLICIT_RETAIN_SELF = YES;
				CLANG_WARN_OBJC_LITERAL_CONVERSION = YES;
				CLANG_WARN_OBJC_ROOT_CLASS = YES_ERROR;
				CLANG_WARN_RANGE_LOOP_ANALYSIS = YES;
				CLANG_WARN_STRICT_PROTOTYPES = YES;
				CLANG_WARN_SUSPICIOUS_MOVE = YES;
				CLANG_WARN_UNGUARDED_AVAILABILITY = YES_AGGRESSIVE;
				CLANG_WARN_UNREACHABLE_CODE = YES;
				CLANG_WARN__DUPLICATE_METHOD_MATCH = YES;
				COPY_PHASE_STRIP = NO;
				DEBUG_INFORMATION_FORMAT = "dwarf-with-dsym";
				ENABLE_NS_ASSERTIONS = NO;
				ENABLE_STRICT_OBJC_MSGSEND = YES;
				GCC_C_LANGUAGE_STANDARD = gnu11;
				GCC_NO_COMMON_BLOCKS = YES;
				GCC_WARN_64_TO_32_BIT_CONVERSION = YES;
				GCC_WARN_ABOUT_RETURN_TYPE = YES_ERROR;
				GCC_WARN_UNDECLARED_SELECTOR = YES;
				GCC_WARN_UNINITIALIZED_AUTOS = YES_AGGRESSIVE;
				GCC_WARN_UNUSED_FUNCTION = YES;
				GCC_WARN_UNUSED_VARIABLE = YES;
				IPHONEOS_DEPLOYMENT_TARGET = 13.2;
				MTL_ENABLE_DEBUG_INFO = NO;
				MTL_FAST_MATH = YES;
				SDKROOT = iphoneos;
				SWIFT_COMPILATION_MODE = wholemodule;
				SWIFT_OPTIMIZATION_LEVEL = "-O";
				VALIDATE_PRODUCT = YES;
			};
			name = Release;
		};
		9C75DA802394642D00508EF9 /* Debug */ = {
			isa = XCBuildConfiguration;
			baseConfigurationReference = 9C72C4EC6E523CF8B5ED16F6 /* Pods-embedded.debug.xcconfig */;
			buildSettings = {
				ASSETCATALOG_COMPILER_APPICON_NAME = AppIcon;
				CODE_SIGN_STYLE = Automatic;
				DEVELOPMENT_TEAM = 8HSP93NVA5;
				INFOPLIST_FILE = embedded/Info.plist;
				LD_RUNPATH_SEARCH_PATHS = (
					"$(inherited)",
					"@executable_path/Frameworks",
				);
				PRODUCT_BUNDLE_IDENTIFIER = home.embedded;
				PRODUCT_NAME = "$(TARGET_NAME)";
				SWIFT_VERSION = 5.0;
				TARGETED_DEVICE_FAMILY = "1,2";
			};
			name = Debug;
		};
		9C75DA812394642D00508EF9 /* Release */ = {
			isa = XCBuildConfiguration;
			baseConfigurationReference = 13E8E2C5E43786FAF5FA92AF /* Pods-embedded.release.xcconfig */;
			buildSettings = {
				ASSETCATALOG_COMPILER_APPICON_NAME = AppIcon;
				CODE_SIGN_STYLE = Automatic;
				DEVELOPMENT_TEAM = 8HSP93NVA5;
				INFOPLIST_FILE = embedded/Info.plist;
				LD_RUNPATH_SEARCH_PATHS = (
					"$(inherited)",
					"@executable_path/Frameworks",
				);
				PRODUCT_BUNDLE_IDENTIFIER = home.embedded;
				PRODUCT_NAME = "$(TARGET_NAME)";
				SWIFT_VERSION = 5.0;
				TARGETED_DEVICE_FAMILY = "1,2";
			};
			name = Release;
		};
/* End XCBuildConfiguration section */

/* Begin XCConfigurationList section */
		9C75DA662394642B00508EF9 /* Build configuration list for PBXProject "embedded" */ = {
			isa = XCConfigurationList;
			buildConfigurations = (
				9C75DA7D2394642D00508EF9 /* Debug */,
				9C75DA7E2394642D00508EF9 /* Release */,
			);
			defaultConfigurationIsVisible = 0;
			defaultConfigurationName = Release;
		};
		9C75DA7F2394642D00508EF9 /* Build configuration list for PBXNativeTarget "embedded" */ = {
			isa = XCConfigurationList;
			buildConfigurations = (
				9C75DA802394642D00508EF9 /* Debug */,
				9C75DA812394642D00508EF9 /* Release */,
			);
			defaultConfigurationIsVisible = 0;
			defaultConfigurationName = Release;
		};
/* End XCConfigurationList section */

/* Begin XCVersionGroup section */
		9C7E2E0423967418003E9E44 /* FavoriteModel.xcdatamodeld */ = {
			isa = XCVersionGroup;
			children = (
				9C7E2E0523967418003E9E44 /* FavoriteModel.xcdatamodel */,
			);
			currentVersion = 9C7E2E0523967418003E9E44 /* FavoriteModel.xcdatamodel */;
			path = FavoriteModel.xcdatamodeld;
			sourceTree = "<group>";
			versionGroupType = wrapper.xcdatamodel;
		};
/* End XCVersionGroup section */
	};
	rootObject = 9C75DA632394642B00508EF9 /* Project object */;
}
